
Microsoft Visual Studio Solution File, Format Version 12.00
# Visual Studio Version 16
VisualStudioVersion = 16.0.30804.86
MinimumVisualStudioVersion = 10.0.40219.1
Project("{2150E333-8FDC-42A3-9474-1A3956D46DE8}") = "Shared Kernel", "Shared Kernel", "{B02738CF-75A4-4CA2-BBDF-1408B3D77D58}"
EndProject
Project("{2150E333-8FDC-42A3-9474-1A3956D46DE8}") = "Sales", "Sales", "{1AD2488B-51FB-4E9D-AC54-AEC2BCCA1511}"
EndProject
Project("{2150E333-8FDC-42A3-9474-1A3956D46DE8}") = "Marketing", "Marketing", "{86E08CFA-3F22-4359-BF7B-40683D13B4AF}"
EndProject
Project("{2150E333-8FDC-42A3-9474-1A3956D46DE8}") = "Human Resources", "Human Resources", "{A0B3B073-9EDB-46F0-A973-1840DEC91F58}"
EndProject
Project("{2150E333-8FDC-42A3-9474-1A3956D46DE8}") = "Application", "Application", "{DEE00AE9-8D0A-45A4-8DA0-822010F5D4E0}"
EndProject
Project("{2150E333-8FDC-42A3-9474-1A3956D46DE8}") = "Domain", "Domain", "{0A21E369-22B9-4D2D-8750-F552AA598460}"
EndProject
Project("{2150E333-8FDC-42A3-9474-1A3956D46DE8}") = "Infrastructure", "Infrastructure", "{33E715E1-82A6-44D1-B59B-F3AE4F96715E}"
EndProject
Project("{9A19103F-16F7-4668-BE54-9A1E7A4F7556}") = "SharedKernel.Domain", "SharedKernel.Domain\SharedKernel.Domain.csproj", "{A17E1EDA-D280-4B10-B45E-DC2583E322E9}"
EndProject
Project("{FAE04EC0-301F-11D3-BF4B-00C04F79EFBC}") = "SharedKernel.Application", "SharedKernel.Application\SharedKernel.Application.csproj", "{1960B719-117B-4868-A6A8-89ABA056CC74}"
EndProject
Project("{FAE04EC0-301F-11D3-BF4B-00C04F79EFBC}") = "SharedKernel.Infra.Data", "SharedKernel.Infra.Data\SharedKernel.Infra.Data.csproj", "{B18119C4-1858-41E9-BD06-1A001172160D}"
EndProject
Project("{FAE04EC0-301F-11D3-BF4B-00C04F79EFBC}") = "SharedKernel.Infra.IoC", "SharedKernel.Infra.IoC\SharedKernel.Infra.IoC.csproj", "{0A5BBED8-E83C-4357-A00D-D5860A57A1F0}"
EndProject
Project("{2150E333-8FDC-42A3-9474-1A3956D46DE8}") = "Application", "Application", "{7953C709-3594-4C49-A566-1B352719DF73}"
EndProject
Project("{2150E333-8FDC-42A3-9474-1A3956D46DE8}") = "Domain", "Domain", "{0C8F101A-8DE9-4091-BFA6-88E944B88092}"
EndProject
Project("{2150E333-8FDC-42A3-9474-1A3956D46DE8}") = "Infrastructure", "Infrastructure", "{53CF610B-DC21-4038-ACFC-6334CC03E9C9}"
EndProject
Project("{FAE04EC0-301F-11D3-BF4B-00C04F79EFBC}") = "Sales.Domain", "Sales.Domain\Sales.Domain.csproj", "{F62C97A3-0293-4DF2-A624-F48B1EE4782A}"
EndProject
Project("{FAE04EC0-301F-11D3-BF4B-00C04F79EFBC}") = "Sales.Infra.Data", "Sales.Infra.Data\Sales.Infra.Data.csproj", "{720DFD65-3E4E-4061-A771-42DAEBB9B597}"
EndProject
Global
	GlobalSection(SolutionConfigurationPlatforms) = preSolution
		Debug|Any CPU = Debug|Any CPU
		Release|Any CPU = Release|Any CPU
	EndGlobalSection
	GlobalSection(ProjectConfigurationPlatforms) = postSolution
		{A17E1EDA-D280-4B10-B45E-DC2583E322E9}.Debug|Any CPU.ActiveCfg = Debug|Any CPU
		{A17E1EDA-D280-4B10-B45E-DC2583E322E9}.Debug|Any CPU.Build.0 = Debug|Any CPU
		{A17E1EDA-D280-4B10-B45E-DC2583E322E9}.Release|Any CPU.ActiveCfg = Release|Any CPU
		{A17E1EDA-D280-4B10-B45E-DC2583E322E9}.Release|Any CPU.Build.0 = Release|Any CPU
		{1960B719-117B-4868-A6A8-89ABA056CC74}.Debug|Any CPU.ActiveCfg = Debug|Any CPU
		{1960B719-117B-4868-A6A8-89ABA056CC74}.Debug|Any CPU.Build.0 = Debug|Any CPU
		{1960B719-117B-4868-A6A8-89ABA056CC74}.Release|Any CPU.ActiveCfg = Release|Any CPU
		{1960B719-117B-4868-A6A8-89ABA056CC74}.Release|Any CPU.Build.0 = Release|Any CPU
		{B18119C4-1858-41E9-BD06-1A001172160D}.Debug|Any CPU.ActiveCfg = Debug|Any CPU
		{B18119C4-1858-41E9-BD06-1A001172160D}.Debug|Any CPU.Build.0 = Debug|Any CPU
		{B18119C4-1858-41E9-BD06-1A001172160D}.Release|Any CPU.ActiveCfg = Release|Any CPU
		{B18119C4-1858-41E9-BD06-1A001172160D}.Release|Any CPU.Build.0 = Release|Any CPU
		{0A5BBED8-E83C-4357-A00D-D5860A57A1F0}.Debug|Any CPU.ActiveCfg = Debug|Any CPU
		{0A5BBED8-E83C-4357-A00D-D5860A57A1F0}.Debug|Any CPU.Build.0 = Debug|Any CPU
		{0A5BBED8-E83C-4357-A00D-D5860A57A1F0}.Release|Any CPU.ActiveCfg = Release|Any CPU
		{0A5BBED8-E83C-4357-A00D-D5860A57A1F0}.Release|Any CPU.Build.0 = Release|Any CPU
		{F62C97A3-0293-4DF2-A624-F48B1EE4782A}.Debug|Any CPU.ActiveCfg = Debug|Any CPU
		{F62C97A3-0293-4DF2-A624-F48B1EE4782A}.Debug|Any CPU.Build.0 = Debug|Any CPU
		{F62C97A3-0293-4DF2-A624-F48B1EE4782A}.Release|Any CPU.ActiveCfg = Release|Any CPU
		{F62C97A3-0293-4DF2-A624-F48B1EE4782A}.Release|Any CPU.Build.0 = Release|Any CPU
		{720DFD65-3E4E-4061-A771-42DAEBB9B597}.Debug|Any CPU.ActiveCfg = Debug|Any CPU
		{720DFD65-3E4E-4061-A771-42DAEBB9B597}.Debug|Any CPU.Build.0 = Debug|Any CPU
		{720DFD65-3E4E-4061-A771-42DAEBB9B597}.Release|Any CPU.ActiveCfg = Release|Any CPU
		{720DFD65-3E4E-4061-A771-42DAEBB9B597}.Release|Any CPU.Build.0 = Release|Any CPU
	EndGlobalSection
	GlobalSection(SolutionProperties) = preSolution
		HideSolutionNode = FALSE
	EndGlobalSection
	GlobalSection(NestedProjects) = preSolution
		{DEE00AE9-8D0A-45A4-8DA0-822010F5D4E0} = {B02738CF-75A4-4CA2-BBDF-1408B3D77D58}
		{0A21E369-22B9-4D2D-8750-F552AA598460} = {B02738CF-75A4-4CA2-BBDF-1408B3D77D58}
		{33E715E1-82A6-44D1-B59B-F3AE4F96715E} = {B02738CF-75A4-4CA2-BBDF-1408B3D77D58}
		{A17E1EDA-D280-4B10-B45E-DC2583E322E9} = {0A21E369-22B9-4D2D-8750-F552AA598460}
		{1960B719-117B-4868-A6A8-89ABA056CC74} = {DEE00AE9-8D0A-45A4-8DA0-822010F5D4E0}
		{B18119C4-1858-41E9-BD06-1A001172160D} = {33E715E1-82A6-44D1-B59B-F3AE4F96715E}
		{0A5BBED8-E83C-4357-A00D-D5860A57A1F0} = {33E715E1-82A6-44D1-B59B-F3AE4F96715E}
		{7953C709-3594-4C49-A566-1B352719DF73} = {1AD2488B-51FB-4E9D-AC54-AEC2BCCA1511}
		{0C8F101A-8DE9-4091-BFA6-88E944B88092} = {1AD2488B-51FB-4E9D-AC54-AEC2BCCA1511}
		{53CF610B-DC21-4038-ACFC-6334CC03E9C9} = {1AD2488B-51FB-4E9D-AC54-AEC2BCCA1511}
		{F62C97A3-0293-4DF2-A624-F48B1EE4782A} = {0C8F101A-8DE9-4091-BFA6-88E944B88092}
		{720DFD65-3E4E-4061-A771-42DAEBB9B597} = {53CF610B-DC21-4038-ACFC-6334CC03E9C9}
	EndGlobalSection
	GlobalSection(ExtensibilityGlobals) = postSolution
		SolutionGuid = {5F5DDBCB-A16C-46C8-812A-51785F3EBAAF}
	EndGlobalSection
EndGlobal
